
Microsoft Visual Studio Solution File, Format Version 12.00
# Visual Studio Version 16
VisualStudioVersion = 16.0.33529.622
MinimumVisualStudioVersion = 10.0.40219.1
Project("{FAE04EC0-301F-11D3-BF4B-00C04F79EFBC}") = "App1", "App1.csproj", "{77AC2D15-D4C9-4E78-974F-A860A912FCE1}"
EndProject
Global
	GlobalSection(SolutionConfigurationPlatforms) = preSolution
		Debug|Any CPU = Debug|Any CPU
		Release|Any CPU = Release|Any CPU
	EndGlobalSection
	GlobalSection(ProjectConfigurationPlatforms) = postSolution
		{77AC2D15-D4C9-4E78-974F-A860A912FCE1}.Debug|Any CPU.ActiveCfg = Debug|Any CPU
		{77AC2D15-D4C9-4E78-974F-A860A912FCE1}.Debug|Any CPU.Build.0 = Debug|Any CPU
		{77AC2D15-D4C9-4E78-974F-A860A912FCE1}.Debug|Any CPU.Deploy.0 = Debug|Any CPU
		{77AC2D15-D4C9-4E78-974F-A860A912FCE1}.Release|Any CPU.ActiveCfg = Release|Any CPU
		{77AC2D15-D4C9-4E78-974F-A860A912FCE1}.Release|Any CPU.Build.0 = Release|Any CPU
		{77AC2D15-D4C9-4E78-974F-A860A912FCE1}.Release|Any CPU.Deploy.0 = Release|Any CPU
	EndGlobalSection
	GlobalSection(SolutionProperties) = preSolution
		HideSolutionNode = FALSE
	EndGlobalSection
	GlobalSection(ExtensibilityGlobals) = postSolution
		SolutionGuid = {559F620D-AE26-48F9-80E2-90E153CB02F5}
	EndGlobalSection
EndGlobal
